
Microsoft Visual Studio Solution File, Format Version 12.00
# Visual Studio 2013
VisualStudioVersion = 12.0.31101.0
MinimumVisualStudioVersion = 10.0.40219.1
Project("{2150E333-8FDC-42A3-9474-1A3956D46DE8}") = ".paket", ".paket", "{6815845D-4980-47A0-A7C8-C8A978ADFD6E}"
	ProjectSection(SolutionItems) = preProject
		paket.dependencies = paket.dependencies
		paket.lock = paket.lock
	EndProjectSection
EndProject
Project("{2150E333-8FDC-42A3-9474-1A3956D46DE8}") = ".solution", ".solution", "{E037A9F0-DAEB-48DD-81FE-67DB5B4FC36C}"
	ProjectSection(SolutionItems) = preProject
		.gitattributes = .gitattributes
		.gitignore = .gitignore
	EndProjectSection
EndProject
Project("{FAE04EC0-301F-11D3-BF4B-00C04F79EFBC}") = "Eleven19.Net.Http.Formatting.Csv", "src\Eleven19.Net.Http.Formatting.Csv\Eleven19.Net.Http.Formatting.Csv.csproj", "{7C87D137-B5A7-404F-8665-5808A06F9765}"
EndProject
Global
	GlobalSection(SolutionConfigurationPlatforms) = preSolution
		Debug|Any CPU = Debug|Any CPU
		Release|Any CPU = Release|Any CPU
	EndGlobalSection
	GlobalSection(ProjectConfigurationPlatforms) = postSolution
		{7C87D137-B5A7-404F-8665-5808A06F9765}.Debug|Any CPU.ActiveCfg = Debug|Any CPU
		{7C87D137-B5A7-404F-8665-5808A06F9765}.Debug|Any CPU.Build.0 = Debug|Any CPU
		{7C87D137-B5A7-404F-8665-5808A06F9765}.Release|Any CPU.ActiveCfg = Release|Any CPU
		{7C87D137-B5A7-404F-8665-5808A06F9765}.Release|Any CPU.Build.0 = Release|Any CPU
	EndGlobalSection
	GlobalSection(SolutionProperties) = preSolution
		HideSolutionNode = FALSE
	EndGlobalSection
EndGlobal
